
Microsoft Visual Studio Solution File, Format Version 12.00
# Visual Studio Version 17
VisualStudioVersion = 17.9.34728.123
MinimumVisualStudioVersion = 10.0.40219.1
Project("{FAE04EC0-301F-11D3-BF4B-00C04F79EFBC}") = "InPatientWebAPI", "InPatientWebAPI\InPatientWebAPI.csproj", "{E0D23E1A-8F21-40A9-A6F4-4092939E2C13}"
EndProject
Global
	GlobalSection(SolutionConfigurationPlatforms) = preSolution
		Debug|Any CPU = Debug|Any CPU
		Release|Any CPU = Release|Any CPU
	EndGlobalSection
	GlobalSection(ProjectConfigurationPlatforms) = postSolution
		{E0D23E1A-8F21-40A9-A6F4-4092939E2C13}.Debug|Any CPU.ActiveCfg = Debug|Any CPU
		{E0D23E1A-8F21-40A9-A6F4-4092939E2C13}.Debug|Any CPU.Build.0 = Debug|Any CPU
		{E0D23E1A-8F21-40A9-A6F4-4092939E2C13}.Release|Any CPU.ActiveCfg = Release|Any CPU
		{E0D23E1A-8F21-40A9-A6F4-4092939E2C13}.Release|Any CPU.Build.0 = Release|Any CPU
	EndGlobalSection
	GlobalSection(SolutionProperties) = preSolution
		HideSolutionNode = FALSE
	EndGlobalSection
	GlobalSection(ExtensibilityGlobals) = postSolution
		SolutionGuid = {32508235-2219-4938-BD47-C92CD879963F}
	EndGlobalSection
EndGlobal
